// !$*UTF8*$!
{
	archiveVersion = 1;
	classes = {
	};
	objectVersion = 46;
	objects = {

/* Begin PBXBuildFile section */
		973213DF1E43A49C009F5F17 /* HeroCell.swift in Sources */ = {isa = PBXBuildFile; fileRef = 973213DE1E43A49C009F5F17 /* HeroCell.swift */; };
		973213E11E43A65F009F5F17 /* Player.swift in Sources */ = {isa = PBXBuildFile; fileRef = 973213E01E43A65F009F5F17 /* Player.swift */; };
		973213E31E43A6B7009F5F17 /* Char.swift in Sources */ = {isa = PBXBuildFile; fileRef = 973213E21E43A6B7009F5F17 /* Char.swift */; };
		976D3E481E43AC6A00301F7A /* Constants.swift in Sources */ = {isa = PBXBuildFile; fileRef = 976D3E471E43AC6A00301F7A /* Constants.swift */; };
		97D583A71E43923700855DCE /* AppDelegate.swift in Sources */ = {isa = PBXBuildFile; fileRef = 97D583A61E43923700855DCE /* AppDelegate.swift */; };
		97D583A91E43923700855DCE /* BoardVC.swift in Sources */ = {isa = PBXBuildFile; fileRef = 97D583A81E43923700855DCE /* BoardVC.swift */; };
		97D583AC1E43923700855DCE /* Main.storyboard in Resources */ = {isa = PBXBuildFile; fileRef = 97D583AA1E43923700855DCE /* Main.storyboard */; };
		97D583AE1E43923700855DCE /* Assets.xcassets in Resources */ = {isa = PBXBuildFile; fileRef = 97D583AD1E43923700855DCE /* Assets.xcassets */; };
		97D583B11E43923700855DCE /* LaunchScreen.storyboard in Resources */ = {isa = PBXBuildFile; fileRef = 97D583AF1E43923700855DCE /* LaunchScreen.storyboard */; };
		97D583BC1E4397FB00855DCE /* HeaderView.swift in Sources */ = {isa = PBXBuildFile; fileRef = 97D583BB1E4397FB00855DCE /* HeaderView.swift */; };
		97D583BF1E43980F00855DCE /* Shadow.swift in Sources */ = {isa = PBXBuildFile; fileRef = 97D583BE1E43980F00855DCE /* Shadow.swift */; };
		9DB523430BA77508B77463D5 /* Pods_D3___Leaderboards.framework in Frameworks */ = {isa = PBXBuildFile; fileRef = 1AD2A67DB8F5CD879283DB97 /* Pods_D3___Leaderboards.framework */; };
/* End PBXBuildFile section */

/* Begin PBXFileReference section */
		1AD2A67DB8F5CD879283DB97 /* Pods_D3___Leaderboards.framework */ = {isa = PBXFileReference; explicitFileType = wrapper.framework; includeInIndex = 0; path = "Pods_D3___Leaderboards.framework"; sourceTree = BUILT_PRODUCTS_DIR; };
		32A3D3193B419F4EDEF642CB /* Pods-D3 - Leaderboards.debug.xcconfig */ = {isa = PBXFileReference; includeInIndex = 1; lastKnownFileType = text.xcconfig; name = "Pods-D3 - Leaderboards.debug.xcconfig"; path = "Pods/Target Support Files/Pods-D3 - Leaderboards/Pods-D3 - Leaderboards.debug.xcconfig"; sourceTree = "<group>"; };
		973213DE1E43A49C009F5F17 /* HeroCell.swift */ = {isa = PBXFileReference; fileEncoding = 4; lastKnownFileType = sourcecode.swift; path = HeroCell.swift; sourceTree = "<group>"; };
		973213E01E43A65F009F5F17 /* Player.swift */ = {isa = PBXFileReference; fileEncoding = 4; lastKnownFileType = sourcecode.swift; path = Player.swift; sourceTree = "<group>"; };
		973213E21E43A6B7009F5F17 /* Char.swift */ = {isa = PBXFileReference; fileEncoding = 4; lastKnownFileType = sourcecode.swift; path = Char.swift; sourceTree = "<group>"; };
		976D3E471E43AC6A00301F7A /* Constants.swift */ = {isa = PBXFileReference; fileEncoding = 4; lastKnownFileType = sourcecode.swift; path = Constants.swift; sourceTree = "<group>"; };
		97D583A31E43923700855DCE /* D3 - Leaderboards.app */ = {isa = PBXFileReference; explicitFileType = wrapper.application; includeInIndex = 0; path = "D3 - Leaderboards.app"; sourceTree = BUILT_PRODUCTS_DIR; };
		97D583A61E43923700855DCE /* AppDelegate.swift */ = {isa = PBXFileReference; lastKnownFileType = sourcecode.swift; path = AppDelegate.swift; sourceTree = "<group>"; };
		97D583A81E43923700855DCE /* BoardVC.swift */ = {isa = PBXFileReference; lastKnownFileType = sourcecode.swift; path = BoardVC.swift; sourceTree = "<group>"; };
		97D583AB1E43923700855DCE /* Base */ = {isa = PBXFileReference; lastKnownFileType = file.storyboard; name = Base; path = Base.lproj/Main.storyboard; sourceTree = "<group>"; };
		97D583AD1E43923700855DCE /* Assets.xcassets */ = {isa = PBXFileReference; lastKnownFileType = folder.assetcatalog; path = Assets.xcassets; sourceTree = "<group>"; };
		97D583B01E43923700855DCE /* Base */ = {isa = PBXFileReference; lastKnownFileType = file.storyboard; name = Base; path = Base.lproj/LaunchScreen.storyboard; sourceTree = "<group>"; };
		97D583B21E43923700855DCE /* Info.plist */ = {isa = PBXFileReference; lastKnownFileType = text.plist.xml; path = Info.plist; sourceTree = "<group>"; };
		97D583BB1E4397FB00855DCE /* HeaderView.swift */ = {isa = PBXFileReference; fileEncoding = 4; lastKnownFileType = sourcecode.swift; path = HeaderView.swift; sourceTree = "<group>"; };
		97D583BE1E43980F00855DCE /* Shadow.swift */ = {isa = PBXFileReference; fileEncoding = 4; lastKnownFileType = sourcecode.swift; path = Shadow.swift; sourceTree = "<group>"; };
		F249B06F5A658B72637E0532 /* Pods-D3 - Leaderboards.release.xcconfig */ = {isa = PBXFileReference; includeInIndex = 1; lastKnownFileType = text.xcconfig; name = "Pods-D3 - Leaderboards.release.xcconfig"; path = "Pods/Target Support Files/Pods-D3 - Leaderboards/Pods-D3 - Leaderboards.release.xcconfig"; sourceTree = "<group>"; };
/* End PBXFileReference section */

/* Begin PBXFrameworksBuildPhase section */
		97D583A01E43923700855DCE /* Frameworks */ = {
			isa = PBXFrameworksBuildPhase;
			buildActionMask = 2147483647;
			files = (
				9DB523430BA77508B77463D5 /* Pods_D3___Leaderboards.framework in Frameworks */,
			);
			runOnlyForDeploymentPostprocessing = 0;
		};
/* End PBXFrameworksBuildPhase section */

/* Begin PBXGroup section */
		559E9B3FE42E92D6309A4039 /* Pods */ = {
			isa = PBXGroup;
			children = (
				32A3D3193B419F4EDEF642CB /* Pods-D3 - Leaderboards.debug.xcconfig */,
				F249B06F5A658B72637E0532 /* Pods-D3 - Leaderboards.release.xcconfig */,
			);
			name = Pods;
			sourceTree = "<group>";
		};
		976D3E461E43AC5D00301F7A /* Util */ = {
			isa = PBXGroup;
			children = (
				976D3E471E43AC6A00301F7A /* Constants.swift */,
			);
			name = Util;
			sourceTree = "<group>";
		};
		97D5839A1E43923700855DCE = {
			isa = PBXGroup;
			children = (
				97D583A51E43923700855DCE /* D3 - Leaderboards */,
				97D583A41E43923700855DCE /* Products */,
				559E9B3FE42E92D6309A4039 /* Pods */,
				D85318F439F06BD94652237B /* Frameworks */,
			);
			sourceTree = "<group>";
		};
		97D583A41E43923700855DCE /* Products */ = {
			isa = PBXGroup;
			children = (
				97D583A31E43923700855DCE /* D3 - Leaderboards.app */,
			);
			name = Products;
			sourceTree = "<group>";
		};
		97D583A51E43923700855DCE /* D3 - Leaderboards */ = {
			isa = PBXGroup;
			children = (
				976D3E461E43AC5D00301F7A /* Util */,
				97D583BD1E4397FF00855DCE /* Protocols */,
				97D583BA1E4397E800855DCE /* Model */,
				97D583B91E4397E000855DCE /* View */,
				97D583B81E4397D700855DCE /* Controller */,
				97D583A61E43923700855DCE /* AppDelegate.swift */,
				97D583AA1E43923700855DCE /* Main.storyboard */,
				97D583AF1E43923700855DCE /* LaunchScreen.storyboard */,
				97D583AD1E43923700855DCE /* Assets.xcassets */,
				97D583B21E43923700855DCE /* Info.plist */,
			);
			path = "D3 - Leaderboards";
			sourceTree = "<group>";
		};
		97D583B81E4397D700855DCE /* Controller */ = {
			isa = PBXGroup;
			children = (
				97D583A81E43923700855DCE /* BoardVC.swift */,
			);
			name = Controller;
			sourceTree = "<group>";
		};
		97D583B91E4397E000855DCE /* View */ = {
			isa = PBXGroup;
			children = (
				97D583BB1E4397FB00855DCE /* HeaderView.swift */,
				973213DE1E43A49C009F5F17 /* HeroCell.swift */,
			);
			name = View;
			sourceTree = "<group>";
		};
		97D583BA1E4397E800855DCE /* Model */ = {
			isa = PBXGroup;
			children = (
				973213E01E43A65F009F5F17 /* Player.swift */,
				973213E21E43A6B7009F5F17 /* Char.swift */,
			);
			name = Model;
			sourceTree = "<group>";
		};
		97D583BD1E4397FF00855DCE /* Protocols */ = {
			isa = PBXGroup;
			children = (
				97D583BE1E43980F00855DCE /* Shadow.swift */,
			);
			name = Protocols;
			sourceTree = "<group>";
		};
		D85318F439F06BD94652237B /* Frameworks */ = {
			isa = PBXGroup;
			children = (
				1AD2A67DB8F5CD879283DB97 /* Pods_D3___Leaderboards.framework */,
			);
			name = Frameworks;
			sourceTree = "<group>";
		};
/* End PBXGroup section */

/* Begin PBXNativeTarget section */
		97D583A21E43923700855DCE /* D3 - Leaderboards */ = {
			isa = PBXNativeTarget;
			buildConfigurationList = 97D583B51E43923700855DCE /* Build configuration list for PBXNativeTarget "D3 - Leaderboards" */;
			buildPhases = (
				7274749A3AB2F3A75A57B4FE /* [CP] Check Pods Manifest.lock */,
				97D5839F1E43923700855DCE /* Sources */,
				97D583A01E43923700855DCE /* Frameworks */,
				97D583A11E43923700855DCE /* Resources */,
				EDF80F1837EBCD0DE5551E1E /* [CP] Embed Pods Frameworks */,
				B77B95AF93F3D779B9D2DB94 /* [CP] Copy Pods Resources */,
			);
			buildRules = (
			);
			dependencies = (
			);
			name = "D3 - Leaderboards";
			productName = "D3 - Leaderboards";
			productReference = 97D583A31E43923700855DCE /* D3 - Leaderboards.app */;
			productType = "com.apple.product-type.application";
		};
/* End PBXNativeTarget section */

/* Begin PBXProject section */
		97D5839B1E43923700855DCE /* Project object */ = {
			isa = PBXProject;
			attributes = {
				LastSwiftUpdateCheck = 0820;
				LastUpgradeCheck = 0820;
				ORGANIZATIONNAME = "Gustav Wadström";
				TargetAttributes = {
					97D583A21E43923700855DCE = {
						CreatedOnToolsVersion = 8.2.1;
						DevelopmentTeam = 3KE4G6G7E4;
						ProvisioningStyle = Automatic;
					};
				};
			};
			buildConfigurationList = 97D5839E1E43923700855DCE /* Build configuration list for PBXProject "D3 - Leaderboards" */;
			compatibilityVersion = "Xcode 3.2";
			developmentRegion = English;
			hasScannedForEncodings = 0;
			knownRegions = (
				en,
				Base,
			);
			mainGroup = 97D5839A1E43923700855DCE;
			productRefGroup = 97D583A41E43923700855DCE /* Products */;
			projectDirPath = "";
			projectRoot = "";
			targets = (
				97D583A21E43923700855DCE /* D3 - Leaderboards */,
			);
		};
/* End PBXProject section */

/* Begin PBXResourcesBuildPhase section */
		97D583A11E43923700855DCE /* Resources */ = {
			isa = PBXResourcesBuildPhase;
			buildActionMask = 2147483647;
			files = (
				97D583B11E43923700855DCE /* LaunchScreen.storyboard in Resources */,
				97D583AE1E43923700855DCE /* Assets.xcassets in Resources */,
				97D583AC1E43923700855DCE /* Main.storyboard in Resources */,
			);
			runOnlyForDeploymentPostprocessing = 0;
		};
/* End PBXResourcesBuildPhase section */

/* Begin PBXShellScriptBuildPhase section */
		7274749A3AB2F3A75A57B4FE /* [CP] Check Pods Manifest.lock */ = {
			isa = PBXShellScriptBuildPhase;
			buildActionMask = 2147483647;
			files = (
			);
			inputPaths = (
			);
			name = "[CP] Check Pods Manifest.lock";
			outputPaths = (
			);
			runOnlyForDeploymentPostprocessing = 0;
			shellPath = /bin/sh;
			shellScript = "diff \"${PODS_ROOT}/../Podfile.lock\" \"${PODS_ROOT}/Manifest.lock\" > /dev/null\nif [ $? != 0 ] ; then\n    # print error to STDERR\n    echo \"error: The sandbox is not in sync with the Podfile.lock. Run 'pod install' or update your CocoaPods installation.\" >&2\n    exit 1\nfi\n";
			showEnvVarsInLog = 0;
		};
		B77B95AF93F3D779B9D2DB94 /* [CP] Copy Pods Resources */ = {
			isa = PBXShellScriptBuildPhase;
			buildActionMask = 2147483647;
			files = (
			);
			inputPaths = (
			);
			name = "[CP] Copy Pods Resources";
			outputPaths = (
			);
			runOnlyForDeploymentPostprocessing = 0;
			shellPath = /bin/sh;
			shellScript = "\"${SRCROOT}/Pods/Target Support Files/Pods-D3 - Leaderboards/Pods-D3 - Leaderboards-resources.sh\"\n";
			showEnvVarsInLog = 0;
		};
		EDF80F1837EBCD0DE5551E1E /* [CP] Embed Pods Frameworks */ = {
			isa = PBXShellScriptBuildPhase;
			buildActionMask = 2147483647;
			files = (
			);
			inputPaths = (
			);
			name = "[CP] Embed Pods Frameworks";
			outputPaths = (
			);
			runOnlyForDeploymentPostprocessing = 0;
			shellPath = /bin/sh;
			shellScript = "\"${SRCROOT}/Pods/Target Support Files/Pods-D3 - Leaderboards/Pods-D3 - Leaderboards-frameworks.sh\"\n";
			showEnvVarsInLog = 0;
		};
/* End PBXShellScriptBuildPhase section */

/* Begin PBXSourcesBuildPhase section */
		97D5839F1E43923700855DCE /* Sources */ = {
			isa = PBXSourcesBuildPhase;
			buildActionMask = 2147483647;
			files = (
				973213DF1E43A49C009F5F17 /* HeroCell.swift in Sources */,
				973213E31E43A6B7009F5F17 /* Char.swift in Sources */,
				97D583A91E43923700855DCE /* BoardVC.swift in Sources */,
				97D583BF1E43980F00855DCE /* Shadow.swift in Sources */,
				97D583BC1E4397FB00855DCE /* HeaderView.swift in Sources */,
				973213E11E43A65F009F5F17 /* Player.swift in Sources */,
				97D583A71E43923700855DCE /* AppDelegate.swift in Sources */,
				976D3E481E43AC6A00301F7A /* Constants.swift in Sources */,
			);
			runOnlyForDeploymentPostprocessing = 0;
		};
/* End PBXSourcesBuildPhase section */

/* Begin PBXVariantGroup section */
		97D583AA1E43923700855DCE /* Main.storyboard */ = {
			isa = PBXVariantGroup;
			children = (
				97D583AB1E43923700855DCE /* Base */,
			);
			name = Main.storyboard;
			sourceTree = "<group>";
		};
		97D583AF1E43923700855DCE /* LaunchScreen.storyboard */ = {
			isa = PBXVariantGroup;
			children = (
				97D583B01E43923700855DCE /* Base */,
			);
			name = LaunchScreen.storyboard;
			sourceTree = "<group>";
		};
/* End PBXVariantGroup section */

/* Begin XCBuildConfiguration section */
		97D583B31E43923700855DCE /* Debug */ = {
			isa = XCBuildConfiguration;
			buildSettings = {
				ALWAYS_SEARCH_USER_PATHS = NO;
				CLANG_ANALYZER_NONNULL = YES;
				CLANG_CXX_LANGUAGE_STANDARD = "gnu++0x";
				CLANG_CXX_LIBRARY = "libc++";
				CLANG_ENABLE_MODULES = YES;
				CLANG_ENABLE_OBJC_ARC = YES;
				CLANG_WARN_BOOL_CONVERSION = YES;
				CLANG_WARN_CONSTANT_CONVERSION = YES;
				CLANG_WARN_DIRECT_OBJC_ISA_USAGE = YES_ERROR;
				CLANG_WARN_DOCUMENTATION_COMMENTS = YES;
				CLANG_WARN_EMPTY_BODY = YES;
				CLANG_WARN_ENUM_CONVERSION = YES;
				CLANG_WARN_INFINITE_RECURSION = YES;
				CLANG_WARN_INT_CONVERSION = YES;
				CLANG_WARN_OBJC_ROOT_CLASS = YES_ERROR;
				CLANG_WARN_SUSPICIOUS_MOVE = YES;
				CLANG_WARN_UNREACHABLE_CODE = YES;
				CLANG_WARN__DUPLICATE_METHOD_MATCH = YES;
				"CODE_SIGN_IDENTITY[sdk=iphoneos*]" = "iPhone Developer";
				COPY_PHASE_STRIP = NO;
				DEBUG_INFORMATION_FORMAT = dwarf;
				ENABLE_STRICT_OBJC_MSGSEND = YES;
				ENABLE_TESTABILITY = YES;
				GCC_C_LANGUAGE_STANDARD = gnu99;
				GCC_DYNAMIC_NO_PIC = NO;
				GCC_NO_COMMON_BLOCKS = YES;
				GCC_OPTIMIZATION_LEVEL = 0;
				GCC_PREPROCESSOR_DEFINITIONS = (
					"DEBUG=1",
					"$(inherited)",
				);
				GCC_WARN_64_TO_32_BIT_CONVERSION = YES;
				GCC_WARN_ABOUT_RETURN_TYPE = YES_ERROR;
				GCC_WARN_UNDECLARED_SELECTOR = YES;
				GCC_WARN_UNINITIALIZED_AUTOS = YES_AGGRESSIVE;
				GCC_WARN_UNUSED_FUNCTION = YES;
				GCC_WARN_UNUSED_VARIABLE = YES;
				IPHONEOS_DEPLOYMENT_TARGET = 10.2;
				MTL_ENABLE_DEBUG_INFO = YES;
				ONLY_ACTIVE_ARCH = YES;
				SDKROOT = iphoneos;
				SWIFT_ACTIVE_COMPILATION_CONDITIONS = DEBUG;
				SWIFT_OPTIMIZATION_LEVEL = "-Onone";
				TARGETED_DEVICE_FAMILY = "1,2";
			};
			name = Debug;
		};
		97D583B41E43923700855DCE /* Release */ = {
			isa = XCBuildConfiguration;
			buildSettings = {
				ALWAYS_SEARCH_USER_PATHS = NO;
				CLANG_ANALYZER_NONNULL = YES;
				CLANG_CXX_LANGUAGE_STANDARD = "gnu++0x";
				CLANG_CXX_LIBRARY = "libc++";
				CLANG_ENABLE_MODULES = YES;
				CLANG_ENABLE_OBJC_ARC = YES;
				CLANG_WARN_BOOL_CONVERSION = YES;
				CLANG_WARN_CONSTANT_CONVERSION = YES;
				CLANG_WARN_DIRECT_OBJC_ISA_USAGE = YES_ERROR;
				CLANG_WARN_DOCUMENTATION_COMMENTS = YES;
				CLANG_WARN_EMPTY_BODY = YES;
				CLANG_WARN_ENUM_CONVERSION = YES;
				CLANG_WARN_INFINITE_RECURSION = YES;
				CLANG_WARN_INT_CONVERSION = YES;
				CLANG_WARN_OBJC_ROOT_CLASS = YES_ERROR;
				CLANG_WARN_SUSPICIOUS_MOVE = YES;
				CLANG_WARN_UNREACHABLE_CODE = YES;
				CLANG_WARN__DUPLICATE_METHOD_MATCH = YES;
				"CODE_SIGN_IDENTITY[sdk=iphoneos*]" = "iPhone Developer";
				COPY_PHASE_STRIP = NO;
				DEBUG_INFORMATION_FORMAT = "dwarf-with-dsym";
				ENABLE_NS_ASSERTIONS = NO;
				ENABLE_STRICT_OBJC_MSGSEND = YES;
				GCC_C_LANGUAGE_STANDARD = gnu99;
				GCC_NO_COMMON_BLOCKS = YES;
				GCC_WARN_64_TO_32_BIT_CONVERSION = YES;
				GCC_WARN_ABOUT_RETURN_TYPE = YES_ERROR;
				GCC_WARN_UNDECLARED_SELECTOR = YES;
				GCC_WARN_UNINITIALIZED_AUTOS = YES_AGGRESSIVE;
				GCC_WARN_UNUSED_FUNCTION = YES;
				GCC_WARN_UNUSED_VARIABLE = YES;
				IPHONEOS_DEPLOYMENT_TARGET = 10.2;
				MTL_ENABLE_DEBUG_INFO = NO;
				SDKROOT = iphoneos;
				SWIFT_OPTIMIZATION_LEVEL = "-Owholemodule";
				TARGETED_DEVICE_FAMILY = "1,2";
				VALIDATE_PRODUCT = YES;
			};
			name = Release;
		};
		97D583B61E43923700855DCE /* Debug */ = {
			isa = XCBuildConfiguration;
			baseConfigurationReference = 32A3D3193B419F4EDEF642CB /* Pods-D3 - Leaderboards.debug.xcconfig */;
			buildSettings = {
				ASSETCATALOG_COMPILER_APPICON_NAME = AppIcon;
				DEVELOPMENT_TEAM = 3KE4G6G7E4;
				INFOPLIST_FILE = "D3 - Leaderboards/Info.plist";
				LD_RUNPATH_SEARCH_PATHS = "$(inherited) @executable_path/Frameworks";
				PRODUCT_BUNDLE_IDENTIFIER = "com.gustavwww.d3-leaderboards";
				PRODUCT_NAME = "$(TARGET_NAME)";
				SWIFT_VERSION = 3.0;
				TARGETED_DEVICE_FAMILY = "1,2";
			};
			name = Debug;
		};
		97D583B71E43923700855DCE /* Release */ = {
			isa = XCBuildConfiguration;
			baseConfigurationReference = F249B06F5A658B72637E0532 /* Pods-D3 - Leaderboards.release.xcconfig */;
			buildSettings = {
				ASSETCATALOG_COMPILER_APPICON_NAME = AppIcon;
				DEVELOPMENT_TEAM = 3KE4G6G7E4;
				INFOPLIST_FILE = "D3 - Leaderboards/Info.plist";
				LD_RUNPATH_SEARCH_PATHS = "$(inherited) @executable_path/Frameworks";
				PRODUCT_BUNDLE_IDENTIFIER = "com.gustavwww.d3-leaderboards";
				PRODUCT_NAME = "$(TARGET_NAME)";
				SWIFT_VERSION = 3.0;
				TARGETED_DEVICE_FAMILY = "1,2";
			};
			name = Release;
		};
/* End XCBuildConfiguration section */

/* Begin XCConfigurationList section */
		97D5839E1E43923700855DCE /* Build configuration list for PBXProject "D3 - Leaderboards" */ = {
			isa = XCConfigurationList;
			buildConfigurations = (
				97D583B31E43923700855DCE /* Debug */,
				97D583B41E43923700855DCE /* Release */,
			);
			defaultConfigurationIsVisible = 0;
			defaultConfigurationName = Release;
		};
		97D583B51E43923700855DCE /* Build configuration list for PBXNativeTarget "D3 - Leaderboards" */ = {
			isa = XCConfigurationList;
			buildConfigurations = (
				97D583B61E43923700855DCE /* Debug */,
				97D583B71E43923700855DCE /* Release */,
			);
			defaultConfigurationIsVisible = 0;
			defaultConfigurationName = Release;
		};
/* End XCConfigurationList section */
	};
	rootObject = 97D5839B1E43923700855DCE /* Project object */;
}
